
Microsoft Visual Studio Solution File, Format Version 12.00
# Visual Studio Version 16
VisualStudioVersion = 16.0.29519.181
MinimumVisualStudioVersion = 10.0.40219.1
Project("{2150E333-8FDC-42A3-9474-1A3956D46DE8}") = "Base", "Base", "{15E8405A-F44D-40AC-96DE-CDD5AC8C67EA}"
EndProject
Project("{9A19103F-16F7-4668-BE54-9A1E7A4F7556}") = "Fss.Runtime", "Base\Runtime\Fss.Runtime.csproj", "{FB186B7F-9D25-4F20-BED0-D15F2EAB9A01}"
EndProject
Project("{2150E333-8FDC-42A3-9474-1A3956D46DE8}") = "External", "External", "{96CD4512-99AB-4D28-8D51-AD5B3AEA7EB5}"
EndProject
Project("{9A19103F-16F7-4668-BE54-9A1E7A4F7556}") = "Expect.NETStandard", "..\ext\Expect.NET\Expect.NET\Expect.NETStandard.csproj", "{B53F3101-5552-48DB-8F39-885B402F043B}"
EndProject
Project("{6EC3EE1D-3C4E-46DD-8F32-0CC8E7565705}") = "Fss.Fs.Runtime", "Base\Fs.Runtime\Fss.Fs.Runtime.fsproj", "{7FEF3BB1-A7FA-4397-AB88-1EE31D2D331F}"
EndProject
Global
	GlobalSection(SolutionConfigurationPlatforms) = preSolution
		Debug|Any CPU = Debug|Any CPU
		Release|Any CPU = Release|Any CPU
	EndGlobalSection
	GlobalSection(ProjectConfigurationPlatforms) = postSolution
		{FB186B7F-9D25-4F20-BED0-D15F2EAB9A01}.Debug|Any CPU.ActiveCfg = Debug|Any CPU
		{FB186B7F-9D25-4F20-BED0-D15F2EAB9A01}.Debug|Any CPU.Build.0 = Debug|Any CPU
		{FB186B7F-9D25-4F20-BED0-D15F2EAB9A01}.Release|Any CPU.ActiveCfg = Release|Any CPU
		{FB186B7F-9D25-4F20-BED0-D15F2EAB9A01}.Release|Any CPU.Build.0 = Release|Any CPU
		{B53F3101-5552-48DB-8F39-885B402F043B}.Debug|Any CPU.ActiveCfg = Debug|Any CPU
		{B53F3101-5552-48DB-8F39-885B402F043B}.Debug|Any CPU.Build.0 = Debug|Any CPU
		{B53F3101-5552-48DB-8F39-885B402F043B}.Release|Any CPU.ActiveCfg = Release|Any CPU
		{B53F3101-5552-48DB-8F39-885B402F043B}.Release|Any CPU.Build.0 = Release|Any CPU
		{7FEF3BB1-A7FA-4397-AB88-1EE31D2D331F}.Debug|Any CPU.ActiveCfg = Debug|Any CPU
		{7FEF3BB1-A7FA-4397-AB88-1EE31D2D331F}.Debug|Any CPU.Build.0 = Debug|Any CPU
		{7FEF3BB1-A7FA-4397-AB88-1EE31D2D331F}.Release|Any CPU.ActiveCfg = Release|Any CPU
		{7FEF3BB1-A7FA-4397-AB88-1EE31D2D331F}.Release|Any CPU.Build.0 = Release|Any CPU
	EndGlobalSection
	GlobalSection(SolutionProperties) = preSolution
		HideSolutionNode = FALSE
	EndGlobalSection
	GlobalSection(NestedProjects) = preSolution
		{FB186B7F-9D25-4F20-BED0-D15F2EAB9A01} = {15E8405A-F44D-40AC-96DE-CDD5AC8C67EA}
		{B53F3101-5552-48DB-8F39-885B402F043B} = {96CD4512-99AB-4D28-8D51-AD5B3AEA7EB5}
		{7FEF3BB1-A7FA-4397-AB88-1EE31D2D331F} = {15E8405A-F44D-40AC-96DE-CDD5AC8C67EA}
	EndGlobalSection
	GlobalSection(ExtensibilityGlobals) = postSolution
		SolutionGuid = {F621A4C0-C39B-495E-8A44-BB2D35C99743}
	EndGlobalSection
EndGlobal
